
Microsoft Visual Studio Solution File, Format Version 12.00
# Visual Studio Version 17
VisualStudioVersion = 17.0.32112.339
MinimumVisualStudioVersion = 10.0.40219.1
Project("{8BC9CEB8-8B4A-11D0-8D11-00A0C91BC942}") = "CreateWindow", "CreateWindow\CreateWindow.vcxproj", "{B7EEFF53-C9B8-4A55-B994-8AD568B4E672}"
EndProject
Global
	GlobalSection(SolutionConfigurationPlatforms) = preSolution
		Debug|x64 = Debug|x64
		Debug|x86 = Debug|x86
		Release|x64 = Release|x64
		Release|x86 = Release|x86
	EndGlobalSection
	GlobalSection(ProjectConfigurationPlatforms) = postSolution
		{B7EEFF53-C9B8-4A55-B994-8AD568B4E672}.Debug|x64.ActiveCfg = Debug|x64
		{B7EEFF53-C9B8-4A55-B994-8AD568B4E672}.Debug|x64.Build.0 = Debug|x64
		{B7EEFF53-C9B8-4A55-B994-8AD568B4E672}.Debug|x86.ActiveCfg = Debug|Win32
		{B7EEFF53-C9B8-4A55-B994-8AD568B4E672}.Debug|x86.Build.0 = Debug|Win32
		{B7EEFF53-C9B8-4A55-B994-8AD568B4E672}.Release|x64.ActiveCfg = Release|x64
		{B7EEFF53-C9B8-4A55-B994-8AD568B4E672}.Release|x64.Build.0 = Release|x64
		{B7EEFF53-C9B8-4A55-B994-8AD568B4E672}.Release|x86.ActiveCfg = Release|Win32
		{B7EEFF53-C9B8-4A55-B994-8AD568B4E672}.Release|x86.Build.0 = Release|Win32
	EndGlobalSection
	GlobalSection(SolutionProperties) = preSolution
		HideSolutionNode = FALSE
	EndGlobalSection
	GlobalSection(ExtensibilityGlobals) = postSolution
		SolutionGuid = {CB2D9CF9-7B67-4015-B3D2-3EB925FBDFBC}
	EndGlobalSection
EndGlobal
